# THIS IS AN AUTOGENERATED FILE. DO NOT EDIT THIS FILE DIRECTLY.
# yarn lockfile v1


"@types/portscanner@^2.1.0":
  version "2.1.0"
  resolved "http://192.168.126.25/npm/@types%2fportscanner/-/portscanner-2.1.0.tgz#a9b39e98ccbcb49c335e284eca64df4756d6f49a"
  integrity sha512-II0FA05TSt4r7PBUvYTqub+yrXTRu7L/PQnTtjcJYzAeBts6xHM/OA2MKyeQ80sFxX7p+0BTo68Nh1P3N6Oj/g==

async@^2.6.0:
  version "2.6.3"
  resolved "http://192.168.126.25/npm/async/-/async-2.6.3.tgz#d72625e2344a3656e3a3ad4fa749fa83299d82ff"
  integrity sha512-zflvls11DCy+dQWzTW2dzuilv8Z5X/pjfmZOWba6TNIVDm+2UDaJmXSOXlasHKfNBs8oo3M0aT50fDEWfKZjXg==
  dependencies:
    lodash "^4.17.14"

call-bind@^1.0.0:
  version "1.0.2"
  resolved "http://192.168.126.25/npm/call-bind/-/call-bind-1.0.2.tgz#b1d4e89e688119c3c9a903ad30abb2f6a919be3c"
  integrity sha512-7O+FbCihrB5WGbFYesctwmTKae6rOiIzmz1icreWJ+0aA7LJfuqhEso2T9ncpcFtzMQtzXf2QGGueWJGTYsqrA==
  dependencies:
    function-bind "^1.1.1"
    get-intrinsic "^1.0.2"

cron-parser@^3.1.0:
  version "3.5.0"
  resolved "http://192.168.126.25/npm/cron-parser/-/cron-parser-3.5.0.tgz#b1a9da9514c0310aa7ef99c2f3f1d0f8c235257c"
  integrity sha512-wyVZtbRs6qDfFd8ap457w3XVntdvqcwBGxBoTvJQH9KGVKL/fB+h2k3C8AqiVxvUQKN1Ps/Ns46CNViOpVDhfQ==
  dependencies:
    is-nan "^1.3.2"
    luxon "^1.26.0"

define-properties@^1.1.3:
  version "1.1.3"
  resolved "http://192.168.126.25/npm/define-properties/-/define-properties-1.1.3.tgz#cf88da6cbee26fe6db7094f61d870cbd84cee9f1"
  integrity sha512-3MqfYKj2lLzdMSf8ZIZE/V+Zuy+BgD6f164e8K2w7dgnpKArBDerGYpM46IYYcjnkdPNMjPk9A6VFB8+3SKlXQ==
  dependencies:
    object-keys "^1.0.12"

function-bind@^1.1.1:
  version "1.1.1"
  resolved "http://192.168.126.25/npm/function-bind/-/function-bind-1.1.1.tgz#a56899d3ea3c9bab874bb9773b7c5ede92f4895d"
  integrity sha512-yIovAzMX49sF8Yl58fSCWJ5svSLuaibPxXQJFLmBObTuCr0Mf1KiPopGM9NiFjiYBCbfaa2Fh6breQ6ANVTI0A==

get-intrinsic@^1.0.2:
  version "1.1.1"
  resolved "http://192.168.126.25/npm/get-intrinsic/-/get-intrinsic-1.1.1.tgz#15f59f376f855c446963948f0d24cd3637b4abc6"
  integrity sha512-kWZrnVM42QCiEA2Ig1bG8zjoIMOgxWwYCEeNdwY6Tv/cOSeGpcoX4pXHfKUxNKVoArnrEr2e9srnAxxGIraS9Q==
  dependencies:
    function-bind "^1.1.1"
    has "^1.0.3"
    has-symbols "^1.0.1"

has-symbols@^1.0.1:
  version "1.0.2"
  resolved "http://192.168.126.25/npm/has-symbols/-/has-symbols-1.0.2.tgz#165d3070c00309752a1236a479331e3ac56f1423"
  integrity sha512-chXa79rL/UC2KlX17jo3vRGz0azaWEx5tGqZg5pO3NUyEJVB17dMruQlzCCOfUvElghKcm5194+BCRvi2Rv/Gw==

has@^1.0.3:
  version "1.0.3"
  resolved "http://192.168.126.25/npm/has/-/has-1.0.3.tgz#722d7cbfc1f6aa8241f16dd814e011e1f41e8796"
  integrity sha512-f2dvO0VU6Oej7RkWJGrehjbzMAjFp5/VKPp5tTpWIV4JHHZK1/BxbFRtf/siA2SWTe09caDmVtYYzWEIbBS4zw==
  dependencies:
    function-bind "^1.1.1"

ip@^1.1.5:
  version "1.1.5"
  resolved "http://192.168.126.25/npm/ip/-/ip-1.1.5.tgz#bdded70114290828c0a039e72ef25f5aaec4354a"
  integrity sha1-vd7XARQpCCjAoDnnLvJfWq7ENUo=

is-nan@^1.3.2:
  version "1.3.2"
  resolved "http://192.168.126.25/npm/is-nan/-/is-nan-1.3.2.tgz#043a54adea31748b55b6cd4e09aadafa69bd9e1d"
  integrity sha512-E+zBKpQ2t6MEo1VsonYmluk9NxGrbzpeeLC2xIViuO2EjU2xsXsBPwTr3Ykv9l08UYEVEdWeRZNouaZqF6RN0w==
  dependencies:
    call-bind "^1.0.0"
    define-properties "^1.1.3"

is-number-like@^1.0.3:
  version "1.0.8"
  resolved "http://192.168.126.25/npm/is-number-like/-/is-number-like-1.0.8.tgz#2e129620b50891042e44e9bbbb30593e75cfbbe3"
  integrity sha512-6rZi3ezCyFcn5L71ywzz2bS5b2Igl1En3eTlZlvKjpz1n3IZLAYMbKYAIQgFmEu0GENg92ziU/faEOA/aixjbA==
  dependencies:
    lodash.isfinite "^3.3.2"

lodash.isfinite@^3.3.2:
  version "3.3.2"
  resolved "http://192.168.126.25/npm/lodash.isfinite/-/lodash.isfinite-3.3.2.tgz#fb89b65a9a80281833f0b7478b3a5104f898ebb3"
  integrity sha1-+4m2WpqAKBgz8LdHizpRBPiY67M=

lodash@^4.17.14:
  version "4.17.21"
  resolved "http://192.168.126.25/npm/lodash/-/lodash-4.17.21.tgz#679591c564c3bffaae8454cf0b3df370c3d6911c"
  integrity sha512-v2kDEe57lecTulaDIuNTPy3Ry4gLGJ6Z1O3vE1krgXZNrsQ+LFTGHVxVjcXPs17LhbZVGedAJv8XZ1tvj5FvSg==

long-timeout@0.1.1:
  version "0.1.1"
  resolved "http://192.168.126.25/npm/long-timeout/-/long-timeout-0.1.1.tgz#9721d788b47e0bcb5a24c2e2bee1a0da55dab514"
  integrity sha1-lyHXiLR+C8taJMLivuGg2lXatRQ=

luxon@^1.26.0:
  version "1.27.0"
  resolved "http://192.168.126.25/npm/luxon/-/luxon-1.27.0.tgz#ae10c69113d85dab8f15f5e8390d0cbeddf4f00f"
  integrity sha512-VKsFsPggTA0DvnxtJdiExAucKdAnwbCCNlMM5ENvHlxubqWd0xhZcdb4XgZ7QFNhaRhilXCFxHuoObP5BNA4PA==

node-schedule@^2.0.0:
  version "2.0.0"
  resolved "http://192.168.126.25/npm/node-schedule/-/node-schedule-2.0.0.tgz#73ab4957d056c63708409cc1fab676e0e149c191"
  integrity sha512-cHc9KEcfiuXxYDU+HjsBVo2FkWL1jRAUoczFoMIzRBpOA4p/NRHuuLs85AWOLgKsHtSPjN8csvwIxc2SqMv+CQ==
  dependencies:
    cron-parser "^3.1.0"
    long-timeout "0.1.1"
    sorted-array-functions "^1.3.0"

object-keys@^1.0.12:
  version "1.1.1"
  resolved "http://192.168.126.25/npm/object-keys/-/object-keys-1.1.1.tgz#1c47f272df277f3b1daf061677d9c82e2322c60e"
  integrity sha512-NuAESUOUMrlIXOfHKzD6bpPu3tYt3xvjNdRIQ+FeT0lNb4K8WR70CaDxhuNguS2XG+GjkyMwOzsN5ZktImfhLA==

ping@^0.4.1:
  version "0.4.1"
  resolved "http://192.168.126.25/npm/ping/-/ping-0.4.1.tgz#1436575a39baafe3ed2b76f6a116c51780f32299"
  integrity sha512-zYouogtyis0QpEZwWY1T26iuIOMJx+ajtjVMcPKIdWRq2Ie3Ftkbel8I25M5kCAQQMQhsez6ZbPiYjNe7aBjSQ==
  dependencies:
    q "1.x"
    underscore "^1.12.0"

portscanner@^2.2.0:
  version "2.2.0"
  resolved "http://192.168.126.25/npm/portscanner/-/portscanner-2.2.0.tgz#6059189b3efa0965c9d96a56b958eb9508411cf1"
  integrity sha512-IFroCz/59Lqa2uBvzK3bKDbDDIEaAY8XJ1jFxcLWTqosrsc32//P4VuSB2vZXoHiHqOmx8B5L5hnKOxL/7FlPw==
  dependencies:
    async "^2.6.0"
    is-number-like "^1.0.3"

q@1.x:
  version "1.5.1"
  resolved "http://192.168.126.25/npm/q/-/q-1.5.1.tgz#7e32f75b41381291d04611f1bf14109ac00651d7"
  integrity sha1-fjL3W0E4EpHQRhHxvxQQmsAGUdc=

sorted-array-functions@^1.3.0:
  version "1.3.0"
  resolved "http://192.168.126.25/npm/sorted-array-functions/-/sorted-array-functions-1.3.0.tgz#8605695563294dffb2c9796d602bd8459f7a0dd5"
  integrity sha512-2sqgzeFlid6N4Z2fUQ1cvFmTOLRi/sEDzSQ0OKYchqgoPmQBVyM3959qYx3fpS6Esef80KjmpgPeEr028dP3OA==

underscore@^1.12.0:
  version "1.13.1"
  resolved "http://192.168.126.25/npm/underscore/-/underscore-1.13.1.tgz#0c1c6bd2df54b6b69f2314066d65b6cde6fcf9d1"
  integrity sha512-hzSoAVtJF+3ZtiFX0VgfFPHEDRm7Y/QPjGyNo4TVdnDTdft3tr8hEkD25a1jC+TjTuE7tkHGKkhwCgs9dgBB2g==

yeelight-awesome@^1.0.16:
  version "1.0.16"
  resolved "http://192.168.126.25/npm/yeelight-awesome/-/yeelight-awesome-1.0.16.tgz#3cf86bd6cff7d7c6ecda308d6574c6df9dff59b1"
  integrity sha512-g6gfd0d3I0ou5g3yz69lygdS18SXYYjPIWThuLn1C0uvUkRq7fchP1VoBp/bv8pNafgs7G7SVlXfcZs/Uufwog==
  dependencies:
    "@types/portscanner" "^2.1.0"
    ip "^1.1.5"
    portscanner "^2.2.0"
